
Microsoft Visual Studio Solution File, Format Version 11.00
# Visual Studio 2010
# SharpDevelop 4.4
Project("{FAE04EC0-301F-11D3-BF4B-00C04F79EFBC}") = "metod_constructor", "metod_constructor\metod_constructor.csproj", "{0C9D8199-3A52-474E-AA4E-61B7952984BC}"
EndProject
Global
	GlobalSection(SolutionConfigurationPlatforms) = preSolution
		Debug|Any CPU = Debug|Any CPU
		Release|Any CPU = Release|Any CPU
	EndGlobalSection
	GlobalSection(ProjectConfigurationPlatforms) = postSolution
		{0C9D8199-3A52-474E-AA4E-61B7952984BC}.Debug|Any CPU.Build.0 = Debug|Any CPU
		{0C9D8199-3A52-474E-AA4E-61B7952984BC}.Debug|Any CPU.ActiveCfg = Debug|Any CPU
		{0C9D8199-3A52-474E-AA4E-61B7952984BC}.Release|Any CPU.Build.0 = Release|Any CPU
		{0C9D8199-3A52-474E-AA4E-61B7952984BC}.Release|Any CPU.ActiveCfg = Release|Any CPU
	EndGlobalSection
EndGlobal
